{
  "version": "4",
  "specifiers": {
    "jsr:@std/assert@^1.0.10": "1.0.10",
    "jsr:@std/expect@*": "1.0.10",
    "jsr:@std/internal@^1.0.5": "1.0.5",
    "jsr:@std/testing@*": "1.0.8",
    "npm:@types/node@*": "22.5.4",
    "npm:ajv@*": "8.17.1",
    "npm:dedent@*": "1.5.3",
    "npm:miragejs@*": "0.1.48",
    "npm:msw@*": "2.7.0_@types+node@22.5.4"
  },
  "jsr": {
    "@std/assert@1.0.10": {
      "integrity": "59b5cbac5bd55459a19045d95cc7c2ff787b4f8527c0dd195078ff6f9481fbb3",
      "dependencies": [
        "jsr:@std/internal"
      ]
    },
    "@std/expect@1.0.10": {
      "integrity": "7659b640447887cd1735f866962e10e434f12443b13595b149970c806e6f08db",
      "dependencies": [
        "jsr:@std/assert",
        "jsr:@std/internal"
      ]
    },
    "@std/internal@1.0.5": {
      "integrity": "54a546004f769c1ac9e025abd15a76b6671ddc9687e2313b67376125650dc7ba"
    },
    "@std/testing@1.0.8": {
      "integrity": "ceef535808fb7568e91b0f8263599bd29b1c5603ffb0377227f00a8ca9fe42a2",
      "dependencies": [
        "jsr:@std/assert",
        "jsr:@std/internal"
      ]
    }
  },
  "npm": {
    "@bundled-es-modules/cookie@2.0.1": {
      "integrity": "sha512-8o+5fRPLNbjbdGRRmJj3h6Hh1AQJf2dk3qQ/5ZFb+PXkRNiSoMGGUKlsgLfrxneb72axVJyIYji64E2+nNfYyw==",
      "dependencies": [
        "cookie"
      ]
    },
    "@bundled-es-modules/statuses@1.0.1": {
      "integrity": "sha512-yn7BklA5acgcBr+7w064fGV+SGIFySjCKpqjcWgBAIfrAkY+4GQTJJHQMeT3V/sgz23VTEVV8TtOmkvJAhFVfg==",
      "dependencies": [
        "statuses"
      ]
    },
    "@bundled-es-modules/tough-cookie@0.1.6": {
      "integrity": "sha512-dvMHbL464C0zI+Yqxbz6kZ5TOEp7GLW+pry/RWndAR8MJQAXZ2rPmIs8tziTZjeIyhSNZgZbCePtfSbdWqStJw==",
      "dependencies": [
        "@types/tough-cookie",
        "tough-cookie"
      ]
    },
    "@inquirer/confirm@5.1.1_@types+node@22.5.4": {
      "integrity": "sha512-vVLSbGci+IKQvDOtzpPTCOiEJCNidHcAq9JYVoWTW0svb5FiwSLotkM+JXNXejfjnzVYV9n0DTBythl9+XgTxg==",
      "dependencies": [
        "@inquirer/core",
        "@inquirer/type",
        "@types/node"
      ]
    },
    "@inquirer/core@10.1.2_@types+node@22.5.4": {
      "integrity": "sha512-bHd96F3ezHg1mf/J0Rb4CV8ndCN0v28kUlrHqP7+ECm1C/A+paB7Xh2lbMk6x+kweQC+rZOxM/YeKikzxco8bQ==",
      "dependencies": [
        "@inquirer/figures",
        "@inquirer/type",
        "ansi-escapes",
        "cli-width",
        "mute-stream",
        "signal-exit",
        "strip-ansi",
        "wrap-ansi@6.2.0",
        "yoctocolors-cjs"
      ]
    },
    "@inquirer/figures@1.0.9": {
      "integrity": "sha512-BXvGj0ehzrngHTPTDqUoDT3NXL8U0RxUk2zJm2A66RhCEIWdtU1v6GuUqNAgArW4PQ9CinqIWyHdQgdwOj06zQ=="
    },
    "@inquirer/type@3.0.2_@types+node@22.5.4": {
      "integrity": "sha512-ZhQ4TvhwHZF+lGhQ2O/rsjo80XoZR5/5qhOY3t6FJuX5XBg5Be8YzYTvaUGJnc12AUGI2nr4QSUE4PhKSigx7g==",
      "dependencies": [
        "@types/node"
      ]
    },
    "@miragejs/pretender-node-polyfill@0.1.2": {
      "integrity": "sha512-M/BexG/p05C5lFfMunxo/QcgIJnMT2vDVCd00wNqK2ImZONIlEETZwWJu1QtLxtmYlSHlCFl3JNzp0tLe7OJ5g=="
    },
    "@mswjs/interceptors@0.37.3": {
      "integrity": "sha512-USvgCL/uOGFtVa6SVyRrC8kIAedzRohxIXN5LISlg5C5vLZCn7dgMFVSNhSF9cuBEFrm/O2spDWEZeMnw4ZXYg==",
      "dependencies": [
        "@open-draft/deferred-promise",
        "@open-draft/logger",
        "@open-draft/until",
        "is-node-process",
        "outvariant",
        "strict-event-emitter"
      ]
    },
    "@open-draft/deferred-promise@2.2.0": {
      "integrity": "sha512-CecwLWx3rhxVQF6V4bAgPS5t+So2sTbPgAzafKkVizyi7tlwpcFpdFqq+wqF2OwNBmqFuu6tOyouTuxgpMfzmA=="
    },
    "@open-draft/logger@0.3.0": {
      "integrity": "sha512-X2g45fzhxH238HKO4xbSr7+wBS8Fvw6ixhTDuvLd5mqh6bJJCFAPwU9mPDxbcrRtfxv4u5IHCEH77BmxvXmmxQ==",
      "dependencies": [
        "is-node-process",
        "outvariant"
      ]
    },
    "@open-draft/until@2.1.0": {
      "integrity": "sha512-U69T3ItWHvLwGg5eJ0n3I62nWuE6ilHlmz7zM0npLBRvPRd7e6NYmg54vvRtP5mZG7kZqZCFVdsTWo7BPtBujg=="
    },
    "@types/cookie@0.6.0": {
      "integrity": "sha512-4Kh9a6B2bQciAhf7FSuMRRkUWecJgJu9nPnx3yzpsfXX/c50REIqpHY4C82bXP90qrLtXtkDxTZosYO3UpOwlA=="
    },
    "@types/node@22.5.4": {
      "integrity": "sha512-FDuKUJQm/ju9fT/SeX/6+gBzoPzlVCzfzmGkwKvRHQVxi4BntVbyIwf6a4Xn62mrvndLiml6z/UBXIdEVjQLXg==",
      "dependencies": [
        "undici-types"
      ]
    },
    "@types/statuses@2.0.5": {
      "integrity": "sha512-jmIUGWrAiwu3dZpxntxieC+1n/5c3mjrImkmOSQ2NC5uP6cYO4aAZDdSmRcI5C1oiTmqlZGHC+/NmJrKogbP5A=="
    },
    "@types/tough-cookie@4.0.5": {
      "integrity": "sha512-/Ad8+nIOV7Rl++6f1BdKxFSMgmoqEoYbHRpPcx3JEfv8VRsQe9Z4mCXeJBzxs7mbHY/XOZZuXlRNfhpVPbs6ZA=="
    },
    "ajv@8.17.1": {
      "integrity": "sha512-B/gBuNg5SiMTrPkC+A2+cW0RszwxYmn6VYxB/inlBStS5nx6xHIt/ehKRhIMhqusl7a8LjQoZnjCs5vhwxOQ1g==",
      "dependencies": [
        "fast-deep-equal",
        "fast-uri",
        "json-schema-traverse",
        "require-from-string"
      ]
    },
    "ansi-escapes@4.3.2": {
      "integrity": "sha512-gKXj5ALrKWQLsYG9jlTRmR/xKluxHV+Z9QEwNIgCfM1/uwPMCuzVVnh5mwTd+OuBZcwSIMbqssNWRm1lE51QaQ==",
      "dependencies": [
        "type-fest@0.21.3"
      ]
    },
    "ansi-regex@5.0.1": {
      "integrity": "sha512-quJQXlTSUGL2LH9SUXo8VwsY4soanhgo6LNSm84E1LBcE8s3O0wpdiRzyR9z/ZZJMlMWv37qOOb9pdJlMUEKFQ=="
    },
    "ansi-styles@4.3.0": {
      "integrity": "sha512-zbB9rCJAT1rbjiVDb2hqKFHNYLxgtk8NURxZ3IZwD3F6NtxbXZQCnnSi1Lkx+IDohdPlFp222wVALIheZJQSEg==",
      "dependencies": [
        "color-convert"
      ]
    },
    "cli-width@4.1.0": {
      "integrity": "sha512-ouuZd4/dm2Sw5Gmqy6bGyNNNe1qt9RpmxveLSO7KcgsTnU7RXfsw+/bukWGo1abgBiMAic068rclZsO4IWmmxQ=="
    },
    "cliui@8.0.1": {
      "integrity": "sha512-BSeNnyus75C4//NQ9gQt1/csTXyo/8Sb+afLAkzAptFuMsod9HFokGNudZpi/oQV73hnVK+sR+5PVRMd+Dr7YQ==",
      "dependencies": [
        "string-width",
        "strip-ansi",
        "wrap-ansi@7.0.0"
      ]
    },
    "color-convert@2.0.1": {
      "integrity": "sha512-RRECPsj7iu/xb5oKYcsFHSppFNnsj/52OVTRKb4zP5onXwVF3zVmmToNcOfGC+CRDpfK/U584fMg38ZHCaElKQ==",
      "dependencies": [
        "color-name"
      ]
    },
    "color-name@1.1.4": {
      "integrity": "sha512-dOy+3AuW3a2wNbZHIuMZpTcgjGuLU/uBL/ubcZF9OXbDo8ff4O8yVp5Bf0efS8uEoYo5q4Fx7dY9OgQGXgAsQA=="
    },
    "cookie@0.7.2": {
      "integrity": "sha512-yki5XnKuf750l50uGTllt6kKILY4nQ1eNIQatoXEByZ5dWgnKqbnqmTrBE5B4N7lrMJKQ2ytWMiTO2o0v6Ew/w=="
    },
    "dedent@1.5.3": {
      "integrity": "sha512-NHQtfOOW68WD8lgypbLA5oT+Bt0xXJhiYvoR6SmmNXZfpzOGXwdKWmcwG8N7PwVVWV3eF/68nmD9BaJSsTBhyQ=="
    },
    "emoji-regex@8.0.0": {
      "integrity": "sha512-MSjYzcWNOA0ewAHpz0MxpYFvwg6yjy1NG3xteoqz644VCo/RPgnr1/GGt+ic3iJTzQ8Eu3TdM14SawnVUmGE6A=="
    },
    "escalade@3.2.0": {
      "integrity": "sha512-WUj2qlxaQtO4g6Pq5c29GTcWGDyd8itL8zTlipgECz3JesAiiOKotd8JU6otB3PACgG6xkJUyVhboMS+bje/jA=="
    },
    "fake-xml-http-request@2.1.2": {
      "integrity": "sha512-HaFMBi7r+oEC9iJNpc3bvcW7Z7iLmM26hPDmlb0mFwyANSsOQAtJxbdWsXITKOzZUyMYK0zYCv3h5yDj9TsiXg=="
    },
    "fast-deep-equal@3.1.3": {
      "integrity": "sha512-f3qQ9oQy9j2AhBe/H9VC91wLmKBCCU/gDOnKNAYG5hswO7BLKj09Hc5HYNz9cGI++xlpDCIgDaitVs03ATR84Q=="
    },
    "fast-uri@3.0.3": {
      "integrity": "sha512-aLrHthzCjH5He4Z2H9YZ+v6Ujb9ocRuW6ZzkJQOrTxleEijANq4v1TsaPaVG1PZcuurEzrLcWRyYBYXD5cEiaw=="
    },
    "get-caller-file@2.0.5": {
      "integrity": "sha512-DyFP3BM/3YHTQOCUL/w0OZHR0lpKeGrxotcHWcqNEdnltqFwXVfhEBQ94eIo34AfQpo0rGki4cyIiftY06h2Fg=="
    },
    "graphql@16.10.0": {
      "integrity": "sha512-AjqGKbDGUFRKIRCP9tCKiIGHyriz2oHEbPIbEtcSLSs4YjReZOIPQQWek4+6hjw62H9QShXHyaGivGiYVLeYFQ=="
    },
    "headers-polyfill@4.0.3": {
      "integrity": "sha512-IScLbePpkvO846sIwOtOTDjutRMWdXdJmXdMvk6gCBHxFO8d+QKOQedyZSxFTTFYRSmlgSTDtXqqq4pcenBXLQ=="
    },
    "inflected@2.1.0": {
      "integrity": "sha512-hAEKNxvHf2Iq3H60oMBHkB4wl5jn3TPF3+fXek/sRwAB5gP9xWs4r7aweSF95f99HFoz69pnZTcu8f0SIHV18w=="
    },
    "is-fullwidth-code-point@3.0.0": {
      "integrity": "sha512-zymm5+u+sCsSWyD9qNaejV3DFvhCKclKdizYaJUuHA83RLjb7nSuGnddCHGv0hk+KY7BMAlsWeK4Ueg6EV6XQg=="
    },
    "is-node-process@1.2.0": {
      "integrity": "sha512-Vg4o6/fqPxIjtxgUH5QLJhwZ7gW5diGCVlXpuUfELC62CuxM1iHcRe51f2W1FDy04Ai4KJkagKjx3XaqyfRKXw=="
    },
    "json-schema-traverse@1.0.0": {
      "integrity": "sha512-NM8/P9n3XjXhIZn1lLhkFaACTOURQXjWhV4BA/RnOv8xvgqtqpAX9IO4mRQxSx1Rlo4tqzeqb0sOlruaOy3dug=="
    },
    "lodash@4.17.21": {
      "integrity": "sha512-v2kDEe57lecTulaDIuNTPy3Ry4gLGJ6Z1O3vE1krgXZNrsQ+LFTGHVxVjcXPs17LhbZVGedAJv8XZ1tvj5FvSg=="
    },
    "miragejs@0.1.48": {
      "integrity": "sha512-MGZAq0Q3OuRYgZKvlB69z4gLN4G3PvgC4A2zhkCXCXrLD5wm2cCnwNB59xOBVA+srZ0zEes6u+VylcPIkB4SqA==",
      "dependencies": [
        "@miragejs/pretender-node-polyfill",
        "inflected",
        "lodash",
        "pretender"
      ]
    },
    "msw@2.7.0_@types+node@22.5.4": {
      "integrity": "sha512-BIodwZ19RWfCbYTxWTUfTXc+sg4OwjCAgxU1ZsgmggX/7S3LdUifsbUPJs61j0rWb19CZRGY5if77duhc0uXzw==",
      "dependencies": [
        "@bundled-es-modules/cookie",
        "@bundled-es-modules/statuses",
        "@bundled-es-modules/tough-cookie",
        "@inquirer/confirm",
        "@mswjs/interceptors",
        "@open-draft/deferred-promise",
        "@open-draft/until",
        "@types/cookie",
        "@types/statuses",
        "graphql",
        "headers-polyfill",
        "is-node-process",
        "outvariant",
        "path-to-regexp",
        "picocolors",
        "strict-event-emitter",
        "type-fest@4.30.2",
        "yargs"
      ]
    },
    "mute-stream@2.0.0": {
      "integrity": "sha512-WWdIxpyjEn+FhQJQQv9aQAYlHoNVdzIzUySNV1gHUPDSdZJ3yZn7pAAbQcV7B56Mvu881q9FZV+0Vx2xC44VWA=="
    },
    "outvariant@1.4.3": {
      "integrity": "sha512-+Sl2UErvtsoajRDKCE5/dBz4DIvHXQQnAxtQTF04OJxY0+DyZXSo5P5Bb7XYWOh81syohlYL24hbDwxedPUJCA=="
    },
    "path-to-regexp@6.3.0": {
      "integrity": "sha512-Yhpw4T9C6hPpgPeA28us07OJeqZ5EzQTkbfwuhsUg0c237RomFoETJgmp2sa3F/41gfLE6G5cqcYwznmeEeOlQ=="
    },
    "picocolors@1.1.1": {
      "integrity": "sha512-xceH2snhtb5M9liqDsmEw56le376mTZkEX/jEb/RxNFyegNul7eNslCXP9FDj/Lcu0X8KEyMceP2ntpaHrDEVA=="
    },
    "pretender@3.4.7": {
      "integrity": "sha512-jkPAvt1BfRi0RKamweJdEcnjkeu7Es8yix3bJ+KgBC5VpG/Ln4JE3hYN6vJym4qprm8Xo5adhWpm3HCoft1dOw==",
      "dependencies": [
        "fake-xml-http-request",
        "route-recognizer"
      ]
    },
    "psl@1.15.0": {
      "integrity": "sha512-JZd3gMVBAVQkSs6HdNZo9Sdo0LNcQeMNP3CozBJb3JYC/QUYZTnKxP+f8oWRX4rHP5EurWxqAHTSwUCjlNKa1w==",
      "dependencies": [
        "punycode"
      ]
    },
    "punycode@2.3.1": {
      "integrity": "sha512-vYt7UD1U9Wg6138shLtLOvdAu+8DsC/ilFtEVHcH+wydcSpNE20AfSOduf6MkRFahL5FY7X1oU7nKVZFtfq8Fg=="
    },
    "querystringify@2.2.0": {
      "integrity": "sha512-FIqgj2EUvTa7R50u0rGsyTftzjYmv/a3hO345bZNrqabNqjtgiDMgmo4mkUjd+nzU5oF3dClKqFIPUKybUyqoQ=="
    },
    "require-directory@2.1.1": {
      "integrity": "sha512-fGxEI7+wsG9xrvdjsrlmL22OMTTiHRwAMroiEeMgq8gzoLC/PQr7RsRDSTLUg/bZAZtF+TVIkHc6/4RIKrui+Q=="
    },
    "require-from-string@2.0.2": {
      "integrity": "sha512-Xf0nWe6RseziFMu+Ap9biiUbmplq6S9/p+7w7YXP/JBHhrUDDUhwa+vANyubuqfZWTveU//DYVGsDG7RKL/vEw=="
    },
    "requires-port@1.0.0": {
      "integrity": "sha512-KigOCHcocU3XODJxsu8i/j8T9tzT4adHiecwORRQ0ZZFcp7ahwXuRU1m+yuO90C5ZUyGeGfocHDI14M3L3yDAQ=="
    },
    "route-recognizer@0.3.4": {
      "integrity": "sha512-2+MhsfPhvauN1O8KaXpXAOfR/fwe8dnUXVM+xw7yt40lJRfPVQxV6yryZm0cgRvAj5fMF/mdRZbL2ptwbs5i2g=="
    },
    "signal-exit@4.1.0": {
      "integrity": "sha512-bzyZ1e88w9O1iNJbKnOlvYTrWPDl46O1bG0D3XInv+9tkPrxrN8jUUTiFlDkkmKWgn1M6CfIA13SuGqOa9Korw=="
    },
    "statuses@2.0.1": {
      "integrity": "sha512-RwNA9Z/7PrK06rYLIzFMlaF+l73iwpzsqRIFgbMLbTcLD6cOao82TaWefPXQvB2fOC4AjuYSEndS7N/mTCbkdQ=="
    },
    "strict-event-emitter@0.5.1": {
      "integrity": "sha512-vMgjE/GGEPEFnhFub6pa4FmJBRBVOLpIII2hvCZ8Kzb7K0hlHo7mQv6xYrBvCL2LtAIBwFUK8wvuJgTVSQ5MFQ=="
    },
    "string-width@4.2.3": {
      "integrity": "sha512-wKyQRQpjJ0sIp62ErSZdGsjMJWsap5oRNihHhu6G7JVO/9jIB6UyevL+tXuOqrng8j/cxKTWyWUwvSTriiZz/g==",
      "dependencies": [
        "emoji-regex",
        "is-fullwidth-code-point",
        "strip-ansi"
      ]
    },
    "strip-ansi@6.0.1": {
      "integrity": "sha512-Y38VPSHcqkFrCpFnQ9vuSXmquuv5oXOKpGeT6aGrr3o3Gc9AlVa6JBfUSOCnbxGGZF+/0ooI7KrPuUSztUdU5A==",
      "dependencies": [
        "ansi-regex"
      ]
    },
    "tough-cookie@4.1.4": {
      "integrity": "sha512-Loo5UUvLD9ScZ6jh8beX1T6sO1w2/MpCRpEP7V280GKMVUQ0Jzar2U3UJPsrdbziLEMMhu3Ujnq//rhiFuIeag==",
      "dependencies": [
        "psl",
        "punycode",
        "universalify",
        "url-parse"
      ]
    },
    "type-fest@0.21.3": {
      "integrity": "sha512-t0rzBq87m3fVcduHDUFhKmyyX+9eo6WQjZvf51Ea/M0Q7+T374Jp1aUiyUl0GKxp8M/OETVHSDvmkyPgvX+X2w=="
    },
    "type-fest@4.30.2": {
      "integrity": "sha512-UJShLPYi1aWqCdq9HycOL/gwsuqda1OISdBO3t8RlXQC4QvtuIz4b5FCfe2dQIWEpmlRExKmcTBfP1r9bhY7ig=="
    },
    "undici-types@6.19.8": {
      "integrity": "sha512-ve2KP6f/JnbPBFyobGHuerC9g1FYGn/F8n1LWTwNxCEzd6IfqTwUQcNXgEtmmQ6DlRrC1hrSrBnCZPokRrDHjw=="
    },
    "universalify@0.2.0": {
      "integrity": "sha512-CJ1QgKmNg3CwvAv/kOFmtnEN05f0D/cn9QntgNOQlQF9dgvVTHj3t+8JPdjqawCHk7V/KA+fbUqzZ9XWhcqPUg=="
    },
    "url-parse@1.5.10": {
      "integrity": "sha512-WypcfiRhfeUP9vvF0j6rw0J3hrWrw6iZv3+22h6iRMJ/8z1Tj6XfLP4DsUix5MhMPnXpiHDoKyoZ/bdCkwBCiQ==",
      "dependencies": [
        "querystringify",
        "requires-port"
      ]
    },
    "wrap-ansi@6.2.0": {
      "integrity": "sha512-r6lPcBGxZXlIcymEu7InxDMhdW0KDxpLgoFLcguasxCaJ/SOIZwINatK9KY/tf+ZrlywOKU0UDj3ATXUBfxJXA==",
      "dependencies": [
        "ansi-styles",
        "string-width",
        "strip-ansi"
      ]
    },
    "wrap-ansi@7.0.0": {
      "integrity": "sha512-YVGIj2kamLSTxw6NsZjoBxfSwsn0ycdesmc4p+Q21c5zPuZ1pl+NfxVdxPtdHvmNVOQ6XSYG4AUtyt/Fi7D16Q==",
      "dependencies": [
        "ansi-styles",
        "string-width",
        "strip-ansi"
      ]
    },
    "y18n@5.0.8": {
      "integrity": "sha512-0pfFzegeDWJHJIAmTLRP2DwHjdF5s7jo9tuztdQxAhINCdvS+3nGINqPd00AphqJR/0LhANUS6/+7SCb98YOfA=="
    },
    "yargs-parser@21.1.1": {
      "integrity": "sha512-tVpsJW7DdjecAiFpbIB1e3qxIQsE6NoPc5/eTdrbbIC4h0LVsWhnoa3g+m2HclBIujHzsxZ4VJVA+GUuc2/LBw=="
    },
    "yargs@17.7.2": {
      "integrity": "sha512-7dSzzRQ++CKnNI/krKnYRV7JKKPUXMEh61soaHKg9mrWEhzFWhFnxPxGl+69cD1Ou63C13NUPCnmIcrvqCuM6w==",
      "dependencies": [
        "cliui",
        "escalade",
        "get-caller-file",
        "require-directory",
        "string-width",
        "y18n",
        "yargs-parser"
      ]
    },
    "yoctocolors-cjs@2.1.2": {
      "integrity": "sha512-cYVsTjKl8b+FrnidjibDWskAv7UKOfcwaVZdp/it9n1s9fU3IkgDbhdIRKCW4JDsAlECJY0ytoVPT3sK6kideA=="
    }
  }
}
